
Microsoft Visual Studio Solution File, Format Version 10.00
# Visual Studio 2008
Project("{FAE04EC0-301F-11D3-BF4B-00C04F79EFBC}") = "Hasher", "Hasher\Hasher.csproj", "{692B115B-C471-4A36-B7DB-0876ADA83857}"
EndProject
Project("{FAE04EC0-301F-11D3-BF4B-00C04F79EFBC}") = "HasherTests", "HasherTests\HasherTests.csproj", "{14959694-00A4-435B-B0F1-A1F08C7871D3}"
EndProject
Project("{FAE04EC0-301F-11D3-BF4B-00C04F79EFBC}") = "HasherSpeedTests", "HasherSpeedTests\HasherSpeedTests.csproj", "{A42BD05C-6446-4CC8-81C6-10B21CA9D8E2}"
EndProject
Global
	GlobalSection(SolutionConfigurationPlatforms) = preSolution
		Debug|Any CPU = Debug|Any CPU
		Release|Any CPU = Release|Any CPU
	EndGlobalSection
	GlobalSection(ProjectConfigurationPlatforms) = postSolution
		{692B115B-C471-4A36-B7DB-0876ADA83857}.Debug|Any CPU.ActiveCfg = Debug|Any CPU
		{692B115B-C471-4A36-B7DB-0876ADA83857}.Debug|Any CPU.Build.0 = Debug|Any CPU
		{692B115B-C471-4A36-B7DB-0876ADA83857}.Release|Any CPU.ActiveCfg = Release|Any CPU
		{692B115B-C471-4A36-B7DB-0876ADA83857}.Release|Any CPU.Build.0 = Release|Any CPU
		{14959694-00A4-435B-B0F1-A1F08C7871D3}.Debug|Any CPU.ActiveCfg = Debug|Any CPU
		{14959694-00A4-435B-B0F1-A1F08C7871D3}.Debug|Any CPU.Build.0 = Debug|Any CPU
		{14959694-00A4-435B-B0F1-A1F08C7871D3}.Release|Any CPU.ActiveCfg = Release|Any CPU
		{14959694-00A4-435B-B0F1-A1F08C7871D3}.Release|Any CPU.Build.0 = Release|Any CPU
		{A42BD05C-6446-4CC8-81C6-10B21CA9D8E2}.Debug|Any CPU.ActiveCfg = Debug|Any CPU
		{A42BD05C-6446-4CC8-81C6-10B21CA9D8E2}.Debug|Any CPU.Build.0 = Debug|Any CPU
		{A42BD05C-6446-4CC8-81C6-10B21CA9D8E2}.Release|Any CPU.ActiveCfg = Release|Any CPU
		{A42BD05C-6446-4CC8-81C6-10B21CA9D8E2}.Release|Any CPU.Build.0 = Release|Any CPU
	EndGlobalSection
	GlobalSection(SolutionProperties) = preSolution
		HideSolutionNode = FALSE
	EndGlobalSection
EndGlobal
